{
  "name": "shadow-dom-style-sharing",
  "version": "1.0.0",
  "lockfileVersion": 1,
  "requires": true,
  "dependencies": {
    "de-document-examples": {
      "version": "0.0.9",
      "resolved": "https://registry.npmjs.org/de-document-examples/-/de-document-examples-0.0.9.tgz",
      "integrity": "sha512-W4PWzi5+SZcKuF9U+8GgLADxdT9wIa1R7dIxz87QKXIm8ydgEpUU9ho5ObST0yJSzbMv6mvH0nH/uv0x7m3wuA==",
      "dev": true
    }
  }
}
